{
  "name": "vehldr-fix",
  "lockfileVersion": 2,
  "requires": true,
  "packages": {
    "": {
      "dependencies": {
        "@balancer-labs/v2-interfaces": "^0.2.1"
      }
    },
    "node_modules/@balancer-labs/v2-interfaces": {
      "version": "0.2.1",
      "resolved": "https://registry.npmjs.org/@balancer-labs/v2-interfaces/-/v2-interfaces-0.2.1.tgz",
      "integrity": "sha512-CBbUKjIJKdPwPGW5PCjqwStbvu9+qonnx0sY8vhIn1hJ17kopio6HCe7SsyMF7vWOd4YqzUq4Zc/6kyHH+8Bpg=="
    }
  },
  "dependencies": {
    "@balancer-labs/v2-interfaces": {
      "version": "0.2.1",
      "resolved": "https://registry.npmjs.org/@balancer-labs/v2-interfaces/-/v2-interfaces-0.2.1.tgz",
      "integrity": "sha512-CBbUKjIJKdPwPGW5PCjqwStbvu9+qonnx0sY8vhIn1hJ17kopio6HCe7SsyMF7vWOd4YqzUq4Zc/6kyHH+8Bpg=="
    }
  }
}
